
Microsoft Visual Studio Solution File, Format Version 12.00
Project("{FAE04EC0-301F-11D3-BF4B-00C04F79EFBC}") = "BinaryTree", "BinaryTree\BinaryTree.csproj", "{BCE0DAF0-0025-4D3D-B7F0-667273D6F46A}"
EndProject
Global
	GlobalSection(SolutionConfigurationPlatforms) = preSolution
		Debug|Any CPU = Debug|Any CPU
		Release|Any CPU = Release|Any CPU
	EndGlobalSection
	GlobalSection(ProjectConfigurationPlatforms) = postSolution
		{BCE0DAF0-0025-4D3D-B7F0-667273D6F46A}.Debug|Any CPU.ActiveCfg = Debug|Any CPU
		{BCE0DAF0-0025-4D3D-B7F0-667273D6F46A}.Debug|Any CPU.Build.0 = Debug|Any CPU
		{BCE0DAF0-0025-4D3D-B7F0-667273D6F46A}.Release|Any CPU.ActiveCfg = Release|Any CPU
		{BCE0DAF0-0025-4D3D-B7F0-667273D6F46A}.Release|Any CPU.Build.0 = Release|Any CPU
	EndGlobalSection
EndGlobal
